# THIS IS AN AUTOGENERATED FILE. DO NOT EDIT THIS FILE DIRECTLY.
# yarn lockfile v1


"@discordjs/collection@^0.1.6":
  version "0.1.6"
  resolved "https://registry.yarnpkg.com/@discordjs/collection/-/collection-0.1.6.tgz#9e9a7637f4e4e0688fd8b2b5c63133c91607682c"
  integrity sha512-utRNxnd9kSS2qhyivo9lMlt5qgAUasH2gb7BEOn6p0efFh24gjGomHzWKMAPn2hEReOPQZCJaRKoURwRotKucQ==

"@klasa/cache@^0.0.3":
  version "0.0.3"
  resolved "https://registry.yarnpkg.com/@klasa/cache/-/cache-0.0.3.tgz#824595f247fbd6204a6278eae988d22eb783d00b"
  integrity sha512-8+V14gY0soYSd9j5NKel+gKpoEccwFnKYPEL2XALx+SOHzVMAmmfVBqO4cd3QzPdIW3770jklLY2SeXeEv9xvA==

"@klasa/ratelimits@^0.1.0":
  version "0.1.0"
  resolved "https://registry.yarnpkg.com/@klasa/ratelimits/-/ratelimits-0.1.0.tgz#34e1e49fd68d16e6db03801b3a6c2ec4457b78c6"
  integrity sha512-fms8ZAB5gVHj5i0wPzM0Pmb6KEDv+gR+A6le0ZY1X9+6r8jH3R1kakVgysDePiObiUI3yqiNhUpPyuz4syXGeQ==
  dependencies:
    "@klasa/cache" "^0.0.3"

"@sapphire/framework@sapphire-project/framework":
  version "0.0.1"
  resolved "https://codeload.github.com/sapphire-project/framework/tar.gz/e602df23adc03d3446574d9ad18aa3504d10ac6c"
  dependencies:
    "@klasa/ratelimits" "^0.1.0"
    "@sapphire/pieces" "github:sapphire-project/pieces#build"
    "@sapphire/utilities" "^1.0.1"
    lexure "^0.17.0"

"@sapphire/pieces@github:sapphire-project/pieces#build":
  version "1.0.0"
  resolved "https://codeload.github.com/sapphire-project/pieces/tar.gz/966c78c20dd13b46668809dd6a6399c32afa0ffb"
  dependencies:
    "@discordjs/collection" "^0.1.6"

"@sapphire/utilities@^1.0.1":
  version "1.0.1"
  resolved "https://registry.yarnpkg.com/@sapphire/utilities/-/utilities-1.0.1.tgz#4f26d69a9491b521da4587a0aecb608bd6b1fff1"
  integrity sha512-UuHNfJdPj2NaNNXwTIsWnSpnRzoMCCR4W7lHbqqjoRXMMnJ81qdfN07jrmkOdO1o/dx0tEr2M3cXZ3kXLSJKhQ==

"@types/node@^14.11.2":
  version "14.11.2"
  resolved "https://registry.yarnpkg.com/@types/node/-/node-14.11.2.tgz#2de1ed6670439387da1c9f549a2ade2b0a799256"
  integrity sha512-jiE3QIxJ8JLNcb1Ps6rDbysDhN4xa8DJJvuC9prr6w+1tIh+QAbYyNF3tyiZNLDBIuBCf4KEcV2UvQm/V60xfA==

dotenv@^8.2.0:
  version "8.2.0"
  resolved "https://registry.yarnpkg.com/dotenv/-/dotenv-8.2.0.tgz#97e619259ada750eea3e4ea3e26bceea5424b16a"
  integrity sha512-8sJ78ElpbDJBHNeBzUbUVLsqKdccaa/BXF1uPTw3GrvQTBgrQrtObr2mUrE38vzYd8cEv+m/JBfDLioYcfXoaw==

lexure@^0.17.0:
  version "0.17.0"
  resolved "https://registry.yarnpkg.com/lexure/-/lexure-0.17.0.tgz#95c26ee49dc3df5f28e2826b1647eb7569aab12a"
  integrity sha512-0L8GqFgPW36sLNqxdp2VOOef5Ajpb98kc0Zk4AzE+Yf0xYTDndcT1vpFqwkTdrCCw+FV8DH4mC9NUw0RlARThA==
